
Microsoft Visual Studio Solution File, Format Version 12.00
# Visual Studio Version 17
VisualStudioVersion = 17.11.35327.3
MinimumVisualStudioVersion = 10.0.40219.1
Project("{8BC9CEB8-8B4A-11D0-8D11-00A0C91BC942}") = "Hadhyansultan no 2", "Hadhyansultan no 2\Hadhyansultan no 2.vcxproj", "{FE95BB4F-BD44-4E0A-A4E9-7E551F818D83}"
EndProject
Global
	GlobalSection(SolutionConfigurationPlatforms) = preSolution
		Debug|x64 = Debug|x64
		Debug|x86 = Debug|x86
		Release|x64 = Release|x64
		Release|x86 = Release|x86
	EndGlobalSection
	GlobalSection(ProjectConfigurationPlatforms) = postSolution
		{FE95BB4F-BD44-4E0A-A4E9-7E551F818D83}.Debug|x64.ActiveCfg = Debug|x64
		{FE95BB4F-BD44-4E0A-A4E9-7E551F818D83}.Debug|x64.Build.0 = Debug|x64
		{FE95BB4F-BD44-4E0A-A4E9-7E551F818D83}.Debug|x86.ActiveCfg = Debug|Win32
		{FE95BB4F-BD44-4E0A-A4E9-7E551F818D83}.Debug|x86.Build.0 = Debug|Win32
		{FE95BB4F-BD44-4E0A-A4E9-7E551F818D83}.Release|x64.ActiveCfg = Release|x64
		{FE95BB4F-BD44-4E0A-A4E9-7E551F818D83}.Release|x64.Build.0 = Release|x64
		{FE95BB4F-BD44-4E0A-A4E9-7E551F818D83}.Release|x86.ActiveCfg = Release|Win32
		{FE95BB4F-BD44-4E0A-A4E9-7E551F818D83}.Release|x86.Build.0 = Release|Win32
	EndGlobalSection
	GlobalSection(SolutionProperties) = preSolution
		HideSolutionNode = FALSE
	EndGlobalSection
	GlobalSection(ExtensibilityGlobals) = postSolution
		SolutionGuid = {4A949F58-5E4A-4511-B56E-E0534C82BA1B}
	EndGlobalSection
EndGlobal
